
Microsoft Visual Studio Solution File, Format Version 12.00
# Visual Studio Version 17
VisualStudioVersion = 17.8.34330.188
MinimumVisualStudioVersion = 10.0.40219.1
Project("{9A19103F-16F7-4668-BE54-9A1E7A4F7556}") = "AcmeCorp", "AcmeCorp\AcmeCorp.csproj", "{78761E03-6291-4BDA-9BD2-BE9C8798F90D}"
EndProject
Project("{FAE04EC0-301F-11D3-BF4B-00C04F79EFBC}") = "AcmeCorp.Test", "AcmeCorp.Test\AcmeCorp.Test.csproj", "{BBBC23A7-E5CB-49EA-B4AE-171434FF3019}"
EndProject
Global
	GlobalSection(SolutionConfigurationPlatforms) = preSolution
		Debug|Any CPU = Debug|Any CPU
		Release|Any CPU = Release|Any CPU
	EndGlobalSection
	GlobalSection(ProjectConfigurationPlatforms) = postSolution
		{78761E03-6291-4BDA-9BD2-BE9C8798F90D}.Debug|Any CPU.ActiveCfg = Debug|Any CPU
		{78761E03-6291-4BDA-9BD2-BE9C8798F90D}.Debug|Any CPU.Build.0 = Debug|Any CPU
		{78761E03-6291-4BDA-9BD2-BE9C8798F90D}.Release|Any CPU.ActiveCfg = Release|Any CPU
		{78761E03-6291-4BDA-9BD2-BE9C8798F90D}.Release|Any CPU.Build.0 = Release|Any CPU
		{BBBC23A7-E5CB-49EA-B4AE-171434FF3019}.Debug|Any CPU.ActiveCfg = Debug|Any CPU
		{BBBC23A7-E5CB-49EA-B4AE-171434FF3019}.Debug|Any CPU.Build.0 = Debug|Any CPU
		{BBBC23A7-E5CB-49EA-B4AE-171434FF3019}.Release|Any CPU.ActiveCfg = Release|Any CPU
		{BBBC23A7-E5CB-49EA-B4AE-171434FF3019}.Release|Any CPU.Build.0 = Release|Any CPU
	EndGlobalSection
	GlobalSection(SolutionProperties) = preSolution
		HideSolutionNode = FALSE
	EndGlobalSection
	GlobalSection(ExtensibilityGlobals) = postSolution
		SolutionGuid = {7740A743-1864-49C2-B954-497717223491}
	EndGlobalSection
EndGlobal
